// !$*UTF8*$!
{
	archiveVersion = 1;
	classes = {
	};
	objectVersion = 56;
	objects = {

/* Begin PBXBuildFile section */
		630FC442F0CAAA549CDD4B32 /* libPods-RichFeynDemo.a in Frameworks */ = {isa = PBXBuildFile; fileRef = CDBF6C8B918EBA8F87C7AAF1 /* libPods-RichFeynDemo.a */; };
		7F2D88242A6BFFE2008A1DC0 /* UserCell.swift in Sources */ = {isa = PBXBuildFile; fileRef = 7F2D88222A6BFFE2008A1DC0 /* UserCell.swift */; };
		7F2D88252A6BFFE2008A1DC0 /* UserCell.xib in Resources */ = {isa = PBXBuildFile; fileRef = 7F2D88232A6BFFE2008A1DC0 /* UserCell.xib */; };
		7F3446A82A6D61CB00B21C84 /* UserDaitalViewController.swift in Sources */ = {isa = PBXBuildFile; fileRef = 7F3446A72A6D61CB00B21C84 /* UserDaitalViewController.swift */; };
		7FA2D1C32A6AEBA100266B9D /* AppDelegate.swift in Sources */ = {isa = PBXBuildFile; fileRef = 7FA2D1C22A6AEBA100266B9D /* AppDelegate.swift */; };
		7FA2D1C52A6AEBA100266B9D /* SceneDelegate.swift in Sources */ = {isa = PBXBuildFile; fileRef = 7FA2D1C42A6AEBA100266B9D /* SceneDelegate.swift */; };
		7FA2D1C72A6AEBA100266B9D /* ViewController.swift in Sources */ = {isa = PBXBuildFile; fileRef = 7FA2D1C62A6AEBA100266B9D /* ViewController.swift */; };
		7FA2D1CA2A6AEBA100266B9D /* Main.storyboard in Resources */ = {isa = PBXBuildFile; fileRef = 7FA2D1C82A6AEBA100266B9D /* Main.storyboard */; };
		7FA2D1CC2A6AEBA400266B9D /* Assets.xcassets in Resources */ = {isa = PBXBuildFile; fileRef = 7FA2D1CB2A6AEBA400266B9D /* Assets.xcassets */; };
		7FA2D1CF2A6AEBA400266B9D /* LaunchScreen.storyboard in Resources */ = {isa = PBXBuildFile; fileRef = 7FA2D1CD2A6AEBA400266B9D /* LaunchScreen.storyboard */; };
		7FA2D1DA2A6B078200266B9D /* DataRequest.swift in Sources */ = {isa = PBXBuildFile; fileRef = 7FA2D1D92A6B078200266B9D /* DataRequest.swift */; };
/* End PBXBuildFile section */

/* Begin PBXFileReference section */
		776C0B607AD1D98A813FBCB4 /* Pods-RichFeynDemo.release.xcconfig */ = {isa = PBXFileReference; includeInIndex = 1; lastKnownFileType = text.xcconfig; name = "Pods-RichFeynDemo.release.xcconfig"; path = "Target Support Files/Pods-RichFeynDemo/Pods-RichFeynDemo.release.xcconfig"; sourceTree = "<group>"; };
		7F2D88222A6BFFE2008A1DC0 /* UserCell.swift */ = {isa = PBXFileReference; lastKnownFileType = sourcecode.swift; path = UserCell.swift; sourceTree = "<group>"; };
		7F2D88232A6BFFE2008A1DC0 /* UserCell.xib */ = {isa = PBXFileReference; lastKnownFileType = file.xib; path = UserCell.xib; sourceTree = "<group>"; };
		7F3446A72A6D61CB00B21C84 /* UserDaitalViewController.swift */ = {isa = PBXFileReference; lastKnownFileType = sourcecode.swift; path = UserDaitalViewController.swift; sourceTree = "<group>"; };
		7FA2D1BF2A6AEBA100266B9D /* RichFeynDemo.app */ = {isa = PBXFileReference; explicitFileType = wrapper.application; includeInIndex = 0; path = RichFeynDemo.app; sourceTree = BUILT_PRODUCTS_DIR; };
		7FA2D1C22A6AEBA100266B9D /* AppDelegate.swift */ = {isa = PBXFileReference; lastKnownFileType = sourcecode.swift; path = AppDelegate.swift; sourceTree = "<group>"; };
		7FA2D1C42A6AEBA100266B9D /* SceneDelegate.swift */ = {isa = PBXFileReference; lastKnownFileType = sourcecode.swift; path = SceneDelegate.swift; sourceTree = "<group>"; };
		7FA2D1C62A6AEBA100266B9D /* ViewController.swift */ = {isa = PBXFileReference; lastKnownFileType = sourcecode.swift; path = ViewController.swift; sourceTree = "<group>"; };
		7FA2D1C92A6AEBA100266B9D /* Base */ = {isa = PBXFileReference; lastKnownFileType = file.storyboard; name = Base; path = Base.lproj/Main.storyboard; sourceTree = "<group>"; };
		7FA2D1CB2A6AEBA400266B9D /* Assets.xcassets */ = {isa = PBXFileReference; lastKnownFileType = folder.assetcatalog; path = Assets.xcassets; sourceTree = "<group>"; };
		7FA2D1CE2A6AEBA400266B9D /* Base */ = {isa = PBXFileReference; lastKnownFileType = file.storyboard; name = Base; path = Base.lproj/LaunchScreen.storyboard; sourceTree = "<group>"; };
		7FA2D1D02A6AEBA400266B9D /* Info.plist */ = {isa = PBXFileReference; lastKnownFileType = text.plist.xml; path = Info.plist; sourceTree = "<group>"; };
		7FA2D1D92A6B078200266B9D /* DataRequest.swift */ = {isa = PBXFileReference; lastKnownFileType = sourcecode.swift; path = DataRequest.swift; sourceTree = "<group>"; };
		BAB24E3C93681578CD7FB449 /* Pods-RichFeynDemo.debug.xcconfig */ = {isa = PBXFileReference; includeInIndex = 1; lastKnownFileType = text.xcconfig; name = "Pods-RichFeynDemo.debug.xcconfig"; path = "Target Support Files/Pods-RichFeynDemo/Pods-RichFeynDemo.debug.xcconfig"; sourceTree = "<group>"; };
		CDBF6C8B918EBA8F87C7AAF1 /* libPods-RichFeynDemo.a */ = {isa = PBXFileReference; explicitFileType = archive.ar; includeInIndex = 0; path = "libPods-RichFeynDemo.a"; sourceTree = BUILT_PRODUCTS_DIR; };
/* End PBXFileReference section */

/* Begin PBXFrameworksBuildPhase section */
		7FA2D1BC2A6AEBA100266B9D /* Frameworks */ = {
			isa = PBXFrameworksBuildPhase;
			buildActionMask = 2147483647;
			files = (
				630FC442F0CAAA549CDD4B32 /* libPods-RichFeynDemo.a in Frameworks */,
			);
			runOnlyForDeploymentPostprocessing = 0;
		};
/* End PBXFrameworksBuildPhase section */

/* Begin PBXGroup section */
		23A126A184665AAEE9C52D45 /* Frameworks */ = {
			isa = PBXGroup;
			children = (
				CDBF6C8B918EBA8F87C7AAF1 /* libPods-RichFeynDemo.a */,
			);
			name = Frameworks;
			sourceTree = "<group>";
		};
		7F2D88212A6BFFA0008A1DC0 /* View */ = {
			isa = PBXGroup;
			children = (
				7F2D88222A6BFFE2008A1DC0 /* UserCell.swift */,
				7F2D88232A6BFFE2008A1DC0 /* UserCell.xib */,
			);
			path = View;
			sourceTree = "<group>";
		};
		7FA2D1B62A6AEBA100266B9D = {
			isa = PBXGroup;
			children = (
				7FA2D1C12A6AEBA100266B9D /* RichFeynDemo */,
				7FA2D1C02A6AEBA100266B9D /* Products */,
				FA4FE282644658AC7CBF53C2 /* Pods */,
				23A126A184665AAEE9C52D45 /* Frameworks */,
			);
			sourceTree = "<group>";
		};
		7FA2D1C02A6AEBA100266B9D /* Products */ = {
			isa = PBXGroup;
			children = (
				7FA2D1BF2A6AEBA100266B9D /* RichFeynDemo.app */,
			);
			name = Products;
			sourceTree = "<group>";
		};
		7FA2D1C12A6AEBA100266B9D /* RichFeynDemo */ = {
			isa = PBXGroup;
			children = (
				7F2D88212A6BFFA0008A1DC0 /* View */,
				7FA2D1D82A6B074000266B9D /* api */,
				7FA2D1C22A6AEBA100266B9D /* AppDelegate.swift */,
				7FA2D1C42A6AEBA100266B9D /* SceneDelegate.swift */,
				7FA2D1C62A6AEBA100266B9D /* ViewController.swift */,
				7F3446A72A6D61CB00B21C84 /* UserDaitalViewController.swift */,
				7FA2D1C82A6AEBA100266B9D /* Main.storyboard */,
				7FA2D1CB2A6AEBA400266B9D /* Assets.xcassets */,
				7FA2D1CD2A6AEBA400266B9D /* LaunchScreen.storyboard */,
				7FA2D1D02A6AEBA400266B9D /* Info.plist */,
			);
			path = RichFeynDemo;
			sourceTree = "<group>";
		};
		7FA2D1D82A6B074000266B9D /* api */ = {
			isa = PBXGroup;
			children = (
				7FA2D1D92A6B078200266B9D /* DataRequest.swift */,
			);
			path = api;
			sourceTree = "<group>";
		};
		FA4FE282644658AC7CBF53C2 /* Pods */ = {
			isa = PBXGroup;
			children = (
				BAB24E3C93681578CD7FB449 /* Pods-RichFeynDemo.debug.xcconfig */,
				776C0B607AD1D98A813FBCB4 /* Pods-RichFeynDemo.release.xcconfig */,
			);
			path = Pods;
			sourceTree = "<group>";
		};
/* End PBXGroup section */

/* Begin PBXNativeTarget section */
		7FA2D1BE2A6AEBA100266B9D /* RichFeynDemo */ = {
			isa = PBXNativeTarget;
			buildConfigurationList = 7FA2D1D32A6AEBA400266B9D /* Build configuration list for PBXNativeTarget "RichFeynDemo" */;
			buildPhases = (
				BE2B64E769540BB41097DE18 /* [CP] Check Pods Manifest.lock */,
				7FA2D1BB2A6AEBA100266B9D /* Sources */,
				7FA2D1BC2A6AEBA100266B9D /* Frameworks */,
				7FA2D1BD2A6AEBA100266B9D /* Resources */,
			);
			buildRules = (
			);
			dependencies = (
			);
			name = RichFeynDemo;
			productName = RichFeynDemo;
			productReference = 7FA2D1BF2A6AEBA100266B9D /* RichFeynDemo.app */;
			productType = "com.apple.product-type.application";
		};
/* End PBXNativeTarget section */

/* Begin PBXProject section */
		7FA2D1B72A6AEBA100266B9D /* Project object */ = {
			isa = PBXProject;
			attributes = {
				BuildIndependentTargetsInParallel = 1;
				LastSwiftUpdateCheck = 1400;
				LastUpgradeCheck = 1400;
				TargetAttributes = {
					7FA2D1BE2A6AEBA100266B9D = {
						CreatedOnToolsVersion = 14.0.1;
					};
				};
			};
			buildConfigurationList = 7FA2D1BA2A6AEBA100266B9D /* Build configuration list for PBXProject "RichFeynDemo" */;
			compatibilityVersion = "Xcode 14.0";
			developmentRegion = en;
			hasScannedForEncodings = 0;
			knownRegions = (
				en,
				Base,
			);
			mainGroup = 7FA2D1B62A6AEBA100266B9D;
			productRefGroup = 7FA2D1C02A6AEBA100266B9D /* Products */;
			projectDirPath = "";
			projectRoot = "";
			targets = (
				7FA2D1BE2A6AEBA100266B9D /* RichFeynDemo */,
			);
		};
/* End PBXProject section */

/* Begin PBXResourcesBuildPhase section */
		7FA2D1BD2A6AEBA100266B9D /* Resources */ = {
			isa = PBXResourcesBuildPhase;
			buildActionMask = 2147483647;
			files = (
				7F2D88252A6BFFE2008A1DC0 /* UserCell.xib in Resources */,
				7FA2D1CF2A6AEBA400266B9D /* LaunchScreen.storyboard in Resources */,
				7FA2D1CC2A6AEBA400266B9D /* Assets.xcassets in Resources */,
				7FA2D1CA2A6AEBA100266B9D /* Main.storyboard in Resources */,
			);
			runOnlyForDeploymentPostprocessing = 0;
		};
/* End PBXResourcesBuildPhase section */

/* Begin PBXShellScriptBuildPhase section */
		BE2B64E769540BB41097DE18 /* [CP] Check Pods Manifest.lock */ = {
			isa = PBXShellScriptBuildPhase;
			buildActionMask = 2147483647;
			files = (
			);
			inputFileListPaths = (
			);
			inputPaths = (
				"${PODS_PODFILE_DIR_PATH}/Podfile.lock",
				"${PODS_ROOT}/Manifest.lock",
			);
			name = "[CP] Check Pods Manifest.lock";
			outputFileListPaths = (
			);
			outputPaths = (
				"$(DERIVED_FILE_DIR)/Pods-RichFeynDemo-checkManifestLockResult.txt",
			);
			runOnlyForDeploymentPostprocessing = 0;
			shellPath = /bin/sh;
			shellScript = "diff \"${PODS_PODFILE_DIR_PATH}/Podfile.lock\" \"${PODS_ROOT}/Manifest.lock\" > /dev/null\nif [ $? != 0 ] ; then\n    # print error to STDERR\n    echo \"error: The sandbox is not in sync with the Podfile.lock. Run 'pod install' or update your CocoaPods installation.\" >&2\n    exit 1\nfi\n# This output is used by Xcode 'outputs' to avoid re-running this script phase.\necho \"SUCCESS\" > \"${SCRIPT_OUTPUT_FILE_0}\"\n";
			showEnvVarsInLog = 0;
		};
/* End PBXShellScriptBuildPhase section */

/* Begin PBXSourcesBuildPhase section */
		7FA2D1BB2A6AEBA100266B9D /* Sources */ = {
			isa = PBXSourcesBuildPhase;
			buildActionMask = 2147483647;
			files = (
				7FA2D1C72A6AEBA100266B9D /* ViewController.swift in Sources */,
				7FA2D1DA2A6B078200266B9D /* DataRequest.swift in Sources */,
				7F3446A82A6D61CB00B21C84 /* UserDaitalViewController.swift in Sources */,
				7F2D88242A6BFFE2008A1DC0 /* UserCell.swift in Sources */,
				7FA2D1C32A6AEBA100266B9D /* AppDelegate.swift in Sources */,
				7FA2D1C52A6AEBA100266B9D /* SceneDelegate.swift in Sources */,
			);
			runOnlyForDeploymentPostprocessing = 0;
		};
/* End PBXSourcesBuildPhase section */

/* Begin PBXVariantGroup section */
		7FA2D1C82A6AEBA100266B9D /* Main.storyboard */ = {
			isa = PBXVariantGroup;
			children = (
				7FA2D1C92A6AEBA100266B9D /* Base */,
			);
			name = Main.storyboard;
			sourceTree = "<group>";
		};
		7FA2D1CD2A6AEBA400266B9D /* LaunchScreen.storyboard */ = {
			isa = PBXVariantGroup;
			children = (
				7FA2D1CE2A6AEBA400266B9D /* Base */,
			);
			name = LaunchScreen.storyboard;
			sourceTree = "<group>";
		};
/* End PBXVariantGroup section */

/* Begin XCBuildConfiguration section */
		7FA2D1D12A6AEBA400266B9D /* Debug */ = {
			isa = XCBuildConfiguration;
			buildSettings = {
				ALWAYS_SEARCH_USER_PATHS = NO;
				CLANG_ANALYZER_NONNULL = YES;
				CLANG_ANALYZER_NUMBER_OBJECT_CONVERSION = YES_AGGRESSIVE;
				CLANG_CXX_LANGUAGE_STANDARD = "gnu++20";
				CLANG_ENABLE_MODULES = YES;
				CLANG_ENABLE_OBJC_ARC = YES;
				CLANG_ENABLE_OBJC_WEAK = YES;
				CLANG_WARN_BLOCK_CAPTURE_AUTORELEASING = YES;
				CLANG_WARN_BOOL_CONVERSION = YES;
				CLANG_WARN_COMMA = YES;
				CLANG_WARN_CONSTANT_CONVERSION = YES;
				CLANG_WARN_DEPRECATED_OBJC_IMPLEMENTATIONS = YES;
				CLANG_WARN_DIRECT_OBJC_ISA_USAGE = YES_ERROR;
				CLANG_WARN_DOCUMENTATION_COMMENTS = YES;
				CLANG_WARN_EMPTY_BODY = YES;
				CLANG_WARN_ENUM_CONVERSION = YES;
				CLANG_WARN_INFINITE_RECURSION = YES;
				CLANG_WARN_INT_CONVERSION = YES;
				CLANG_WARN_NON_LITERAL_NULL_CONVERSION = YES;
				CLANG_WARN_OBJC_IMPLICIT_RETAIN_SELF = YES;
				CLANG_WARN_OBJC_LITERAL_CONVERSION = YES;
				CLANG_WARN_OBJC_ROOT_CLASS = YES_ERROR;
				CLANG_WARN_QUOTED_INCLUDE_IN_FRAMEWORK_HEADER = YES;
				CLANG_WARN_RANGE_LOOP_ANALYSIS = YES;
				CLANG_WARN_STRICT_PROTOTYPES = YES;
				CLANG_WARN_SUSPICIOUS_MOVE = YES;
				CLANG_WARN_UNGUARDED_AVAILABILITY = YES_AGGRESSIVE;
				CLANG_WARN_UNREACHABLE_CODE = YES;
				CLANG_WARN__DUPLICATE_METHOD_MATCH = YES;
				COPY_PHASE_STRIP = NO;
				DEBUG_INFORMATION_FORMAT = dwarf;
				ENABLE_STRICT_OBJC_MSGSEND = YES;
				ENABLE_TESTABILITY = YES;
				GCC_C_LANGUAGE_STANDARD = gnu11;
				GCC_DYNAMIC_NO_PIC = NO;
				GCC_NO_COMMON_BLOCKS = YES;
				GCC_OPTIMIZATION_LEVEL = 0;
				GCC_PREPROCESSOR_DEFINITIONS = (
					"DEBUG=1",
					"$(inherited)",
				);
				GCC_WARN_64_TO_32_BIT_CONVERSION = YES;
				GCC_WARN_ABOUT_RETURN_TYPE = YES_ERROR;
				GCC_WARN_UNDECLARED_SELECTOR = YES;
				GCC_WARN_UNINITIALIZED_AUTOS = YES_AGGRESSIVE;
				GCC_WARN_UNUSED_FUNCTION = YES;
				GCC_WARN_UNUSED_VARIABLE = YES;
				IPHONEOS_DEPLOYMENT_TARGET = 16.0;
				MTL_ENABLE_DEBUG_INFO = INCLUDE_SOURCE;
				MTL_FAST_MATH = YES;
				ONLY_ACTIVE_ARCH = YES;
				SDKROOT = iphoneos;
				SWIFT_ACTIVE_COMPILATION_CONDITIONS = DEBUG;
				SWIFT_OPTIMIZATION_LEVEL = "-Onone";
			};
			name = Debug;
		};
		7FA2D1D22A6AEBA400266B9D /* Release */ = {
			isa = XCBuildConfiguration;
			buildSettings = {
				ALWAYS_SEARCH_USER_PATHS = NO;
				CLANG_ANALYZER_NONNULL = YES;
				CLANG_ANALYZER_NUMBER_OBJECT_CONVERSION = YES_AGGRESSIVE;
				CLANG_CXX_LANGUAGE_STANDARD = "gnu++20";
				CLANG_ENABLE_MODULES = YES;
				CLANG_ENABLE_OBJC_ARC = YES;
				CLANG_ENABLE_OBJC_WEAK = YES;
				CLANG_WARN_BLOCK_CAPTURE_AUTORELEASING = YES;
				CLANG_WARN_BOOL_CONVERSION = YES;
				CLANG_WARN_COMMA = YES;
				CLANG_WARN_CONSTANT_CONVERSION = YES;
				CLANG_WARN_DEPRECATED_OBJC_IMPLEMENTATIONS = YES;
				CLANG_WARN_DIRECT_OBJC_ISA_USAGE = YES_ERROR;
				CLANG_WARN_DOCUMENTATION_COMMENTS = YES;
				CLANG_WARN_EMPTY_BODY = YES;
				CLANG_WARN_ENUM_CONVERSION = YES;
				CLANG_WARN_INFINITE_RECURSION = YES;
				CLANG_WARN_INT_CONVERSION = YES;
				CLANG_WARN_NON_LITERAL_NULL_CONVERSION = YES;
				CLANG_WARN_OBJC_IMPLICIT_RETAIN_SELF = YES;
				CLANG_WARN_OBJC_LITERAL_CONVERSION = YES;
				CLANG_WARN_OBJC_ROOT_CLASS = YES_ERROR;
				CLANG_WARN_QUOTED_INCLUDE_IN_FRAMEWORK_HEADER = YES;
				CLANG_WARN_RANGE_LOOP_ANALYSIS = YES;
				CLANG_WARN_STRICT_PROTOTYPES = YES;
				CLANG_WARN_SUSPICIOUS_MOVE = YES;
				CLANG_WARN_UNGUARDED_AVAILABILITY = YES_AGGRESSIVE;
				CLANG_WARN_UNREACHABLE_CODE = YES;
				CLANG_WARN__DUPLICATE_METHOD_MATCH = YES;
				COPY_PHASE_STRIP = NO;
				DEBUG_INFORMATION_FORMAT = "dwarf-with-dsym";
				ENABLE_NS_ASSERTIONS = NO;
				ENABLE_STRICT_OBJC_MSGSEND = YES;
				GCC_C_LANGUAGE_STANDARD = gnu11;
				GCC_NO_COMMON_BLOCKS = YES;
				GCC_WARN_64_TO_32_BIT_CONVERSION = YES;
				GCC_WARN_ABOUT_RETURN_TYPE = YES_ERROR;
				GCC_WARN_UNDECLARED_SELECTOR = YES;
				GCC_WARN_UNINITIALIZED_AUTOS = YES_AGGRESSIVE;
				GCC_WARN_UNUSED_FUNCTION = YES;
				GCC_WARN_UNUSED_VARIABLE = YES;
				IPHONEOS_DEPLOYMENT_TARGET = 16.0;
				MTL_ENABLE_DEBUG_INFO = NO;
				MTL_FAST_MATH = YES;
				SDKROOT = iphoneos;
				SWIFT_COMPILATION_MODE = wholemodule;
				SWIFT_OPTIMIZATION_LEVEL = "-O";
				VALIDATE_PRODUCT = YES;
			};
			name = Release;
		};
		7FA2D1D42A6AEBA400266B9D /* Debug */ = {
			isa = XCBuildConfiguration;
			baseConfigurationReference = BAB24E3C93681578CD7FB449 /* Pods-RichFeynDemo.debug.xcconfig */;
			buildSettings = {
				ASSETCATALOG_COMPILER_APPICON_NAME = AppIcon;
				ASSETCATALOG_COMPILER_GLOBAL_ACCENT_COLOR_NAME = AccentColor;
				CODE_SIGN_STYLE = Automatic;
				CURRENT_PROJECT_VERSION = 1;
				DEVELOPMENT_TEAM = "";
				GENERATE_INFOPLIST_FILE = YES;
				INFOPLIST_FILE = RichFeynDemo/Info.plist;
				INFOPLIST_KEY_UIApplicationSupportsIndirectInputEvents = YES;
				INFOPLIST_KEY_UILaunchStoryboardName = LaunchScreen;
				INFOPLIST_KEY_UIMainStoryboardFile = Main;
				INFOPLIST_KEY_UISupportedInterfaceOrientations_iPad = "UIInterfaceOrientationPortrait UIInterfaceOrientationPortraitUpsideDown UIInterfaceOrientationLandscapeLeft UIInterfaceOrientationLandscapeRight";
				INFOPLIST_KEY_UISupportedInterfaceOrientations_iPhone = "UIInterfaceOrientationPortrait UIInterfaceOrientationLandscapeLeft UIInterfaceOrientationLandscapeRight";
				LD_RUNPATH_SEARCH_PATHS = (
					"$(inherited)",
					"@executable_path/Frameworks",
				);
				MARKETING_VERSION = 1.0;
				PRODUCT_BUNDLE_IDENTIFIER = sarfaraz.RichFeynDemo;
				PRODUCT_NAME = "$(TARGET_NAME)";
				SWIFT_EMIT_LOC_STRINGS = YES;
				SWIFT_VERSION = 5.0;
				TARGETED_DEVICE_FAMILY = "1,2";
			};
			name = Debug;
		};
		7FA2D1D52A6AEBA400266B9D /* Release */ = {
			isa = XCBuildConfiguration;
			baseConfigurationReference = 776C0B607AD1D98A813FBCB4 /* Pods-RichFeynDemo.release.xcconfig */;
			buildSettings = {
				ASSETCATALOG_COMPILER_APPICON_NAME = AppIcon;
				ASSETCATALOG_COMPILER_GLOBAL_ACCENT_COLOR_NAME = AccentColor;
				CODE_SIGN_STYLE = Automatic;
				CURRENT_PROJECT_VERSION = 1;
				DEVELOPMENT_TEAM = "";
				GENERATE_INFOPLIST_FILE = YES;
				INFOPLIST_FILE = RichFeynDemo/Info.plist;
				INFOPLIST_KEY_UIApplicationSupportsIndirectInputEvents = YES;
				INFOPLIST_KEY_UILaunchStoryboardName = LaunchScreen;
				INFOPLIST_KEY_UIMainStoryboardFile = Main;
				INFOPLIST_KEY_UISupportedInterfaceOrientations_iPad = "UIInterfaceOrientationPortrait UIInterfaceOrientationPortraitUpsideDown UIInterfaceOrientationLandscapeLeft UIInterfaceOrientationLandscapeRight";
				INFOPLIST_KEY_UISupportedInterfaceOrientations_iPhone = "UIInterfaceOrientationPortrait UIInterfaceOrientationLandscapeLeft UIInterfaceOrientationLandscapeRight";
				LD_RUNPATH_SEARCH_PATHS = (
					"$(inherited)",
					"@executable_path/Frameworks",
				);
				MARKETING_VERSION = 1.0;
				PRODUCT_BUNDLE_IDENTIFIER = sarfaraz.RichFeynDemo;
				PRODUCT_NAME = "$(TARGET_NAME)";
				SWIFT_EMIT_LOC_STRINGS = YES;
				SWIFT_VERSION = 5.0;
				TARGETED_DEVICE_FAMILY = "1,2";
			};
			name = Release;
		};
/* End XCBuildConfiguration section */

/* Begin XCConfigurationList section */
		7FA2D1BA2A6AEBA100266B9D /* Build configuration list for PBXProject "RichFeynDemo" */ = {
			isa = XCConfigurationList;
			buildConfigurations = (
				7FA2D1D12A6AEBA400266B9D /* Debug */,
				7FA2D1D22A6AEBA400266B9D /* Release */,
			);
			defaultConfigurationIsVisible = 0;
			defaultConfigurationName = Release;
		};
		7FA2D1D32A6AEBA400266B9D /* Build configuration list for PBXNativeTarget "RichFeynDemo" */ = {
			isa = XCConfigurationList;
			buildConfigurations = (
				7FA2D1D42A6AEBA400266B9D /* Debug */,
				7FA2D1D52A6AEBA400266B9D /* Release */,
			);
			defaultConfigurationIsVisible = 0;
			defaultConfigurationName = Release;
		};
/* End XCConfigurationList section */
	};
	rootObject = 7FA2D1B72A6AEBA100266B9D /* Project object */;
}
